
Microsoft Visual Studio Solution File, Format Version 12.00
# Visual Studio Version 17
VisualStudioVersion = 17.3.32825.248
MinimumVisualStudioVersion = 10.0.40219.1
Project("{FAE04EC0-301F-11D3-BF4B-00C04F79EFBC}") = "Q10", "Q10\Q10.csproj", "{FF783B0E-B674-4AB3-8E3C-7AFAC986554C}"
EndProject
Global
	GlobalSection(SolutionConfigurationPlatforms) = preSolution
		Debug|Any CPU = Debug|Any CPU
		Release|Any CPU = Release|Any CPU
	EndGlobalSection
	GlobalSection(ProjectConfigurationPlatforms) = postSolution
		{FF783B0E-B674-4AB3-8E3C-7AFAC986554C}.Debug|Any CPU.ActiveCfg = Debug|Any CPU
		{FF783B0E-B674-4AB3-8E3C-7AFAC986554C}.Debug|Any CPU.Build.0 = Debug|Any CPU
		{FF783B0E-B674-4AB3-8E3C-7AFAC986554C}.Release|Any CPU.ActiveCfg = Release|Any CPU
		{FF783B0E-B674-4AB3-8E3C-7AFAC986554C}.Release|Any CPU.Build.0 = Release|Any CPU
	EndGlobalSection
	GlobalSection(SolutionProperties) = preSolution
		HideSolutionNode = FALSE
	EndGlobalSection
	GlobalSection(ExtensibilityGlobals) = postSolution
		SolutionGuid = {EDA59C68-5C70-4C96-A8D0-C6D0E8F34E4D}
	EndGlobalSection
EndGlobal
